Microsoft Visual Studio Solution File, Format Version 12.00
# 17
VisualStudioVersion = 17.11.35312.102
MinimumVisualStudioVersion = 10.0.40219.1
Project("{2150E333-8FDC-42A3-9474-1A3956D46DE8}") = "Solution Items", "Solution Items", "{F8D491CC-9FB4-4FA7-881E-F06429500EB4}"
	ProjectSection(SolutionItems) = preProject
		.gitignore = .gitignore
		LICENSE = LICENSE
		README.md = README.md
	EndProjectSection
EndProject
Project("{9A19103F-16F7-4668-BE54-9A1E7A4F7556}") = "Day 1 - Calorie Counting", "Day 1 - Calorie Counting\Day 1 - Calorie Counting.csproj", "{7F140C60-FE97-42E0-825F-505AD43BB923}"
EndProject
Project("{9A19103F-16F7-4668-BE54-9A1E7A4F7556}") = "Day 2 - Rock Paper Scissors", "Day 2 - Rock Paper Scissors\Day 2 - Rock Paper Scissors.csproj", "{D0BC855E-C79D-4776-918A-3BAD272839AC}"
EndProject
Project("{9A19103F-16F7-4668-BE54-9A1E7A4F7556}") = "Day 3 - Rucksack Reorganization", "Day 3 - Rucksack Reorganization\Day 3 - Rucksack Reorganization.csproj", "{BA69CC64-3382-47FC-B078-8C41B75E3FAF}"
EndProject
Project("{9A19103F-16F7-4668-BE54-9A1E7A4F7556}") = "Day 4 - Camp Cleanup", "Day 4 - Camp Cleanup\Day 4 - Camp Cleanup.csproj", "{79223F04-861E-487E-914E-D68046C3C1D8}"
EndProject
Project("{9A19103F-16F7-4668-BE54-9A1E7A4F7556}") = "Day 5 - Supply Stacks", "Day 5 - Supply Stacks\Day 5 - Supply Stacks.csproj", "{60AF2A08-019A-405A-8F5C-114D951CF35E}"
EndProject
Project("{9A19103F-16F7-4668-BE54-9A1E7A4F7556}") = "Day 6 - Tuning Trouble", "Day 6 - Tuning Trouble\Day 6 - Tuning Trouble.csproj", "{DF7BDFB2-33EA-4CDA-9531-F0679868B4E6}"
EndProject
Project("{9A19103F-16F7-4668-BE54-9A1E7A4F7556}") = "Day 7 - No Space Left On Device", "Day 7 - No Space Left On Device\Day 7 - No Space Left On Device.csproj", "{EEBF9C55-11D9-42AE-9F4F-784E31ED37C0}"
EndProject
Project("{FAE04EC0-301F-11D3-BF4B-00C04F79EFBC}") = "Day 8 - Treetop Tree House", "Day 8 - Treetop Tree House\Day 8 - Treetop Tree House.csproj", "{587AF05C-890D-4A57-985B-3CD518E2E8AD}"
EndProject
Global
	GlobalSection(SolutionConfigurationPlatforms) = preSolution
		Debug|Any CPU = Debug|Any CPU
		Release|Any CPU = Release|Any CPU
	EndGlobalSection
	GlobalSection(ProjectConfigurationPlatforms) = postSolution
		{7F140C60-FE97-42E0-825F-505AD43BB923}.Debug|Any CPU.ActiveCfg = Debug|Any CPU
		{7F140C60-FE97-42E0-825F-505AD43BB923}.Debug|Any CPU.Build.0 = Debug|Any CPU
		{7F140C60-FE97-42E0-825F-505AD43BB923}.Release|Any CPU.ActiveCfg = Release|Any CPU
		{7F140C60-FE97-42E0-825F-505AD43BB923}.Release|Any CPU.Build.0 = Release|Any CPU
		{D0BC855E-C79D-4776-918A-3BAD272839AC}.Debug|Any CPU.ActiveCfg = Debug|Any CPU
		{D0BC855E-C79D-4776-918A-3BAD272839AC}.Debug|Any CPU.Build.0 = Debug|Any CPU
		{D0BC855E-C79D-4776-918A-3BAD272839AC}.Release|Any CPU.ActiveCfg = Release|Any CPU
		{D0BC855E-C79D-4776-918A-3BAD272839AC}.Release|Any CPU.Build.0 = Release|Any CPU
		{BA69CC64-3382-47FC-B078-8C41B75E3FAF}.Debug|Any CPU.ActiveCfg = Debug|Any CPU
		{BA69CC64-3382-47FC-B078-8C41B75E3FAF}.Debug|Any CPU.Build.0 = Debug|Any CPU
		{BA69CC64-3382-47FC-B078-8C41B75E3FAF}.Release|Any CPU.ActiveCfg = Release|Any CPU
		{BA69CC64-3382-47FC-B078-8C41B75E3FAF}.Release|Any CPU.Build.0 = Release|Any CPU
		{79223F04-861E-487E-914E-D68046C3C1D8}.Debug|Any CPU.ActiveCfg = Debug|Any CPU
		{79223F04-861E-487E-914E-D68046C3C1D8}.Debug|Any CPU.Build.0 = Debug|Any CPU
		{79223F04-861E-487E-914E-D68046C3C1D8}.Release|Any CPU.ActiveCfg = Release|Any CPU
		{79223F04-861E-487E-914E-D68046C3C1D8}.Release|Any CPU.Build.0 = Release|Any CPU
		{60AF2A08-019A-405A-8F5C-114D951CF35E}.Debug|Any CPU.ActiveCfg = Debug|Any CPU
		{60AF2A08-019A-405A-8F5C-114D951CF35E}.Debug|Any CPU.Build.0 = Debug|Any CPU
		{60AF2A08-019A-405A-8F5C-114D951CF35E}.Release|Any CPU.ActiveCfg = Release|Any CPU
		{60AF2A08-019A-405A-8F5C-114D951CF35E}.Release|Any CPU.Build.0 = Release|Any CPU
		{DF7BDFB2-33EA-4CDA-9531-F0679868B4E6}.Debug|Any CPU.ActiveCfg = Debug|Any CPU
		{DF7BDFB2-33EA-4CDA-9531-F0679868B4E6}.Debug|Any CPU.Build.0 = Debug|Any CPU
		{DF7BDFB2-33EA-4CDA-9531-F0679868B4E6}.Release|Any CPU.ActiveCfg = Release|Any CPU
		{DF7BDFB2-33EA-4CDA-9531-F0679868B4E6}.Release|Any CPU.Build.0 = Release|Any CPU
		{EEBF9C55-11D9-42AE-9F4F-784E31ED37C0}.Debug|Any CPU.ActiveCfg = Debug|Any CPU
		{EEBF9C55-11D9-42AE-9F4F-784E31ED37C0}.Debug|Any CPU.Build.0 = Debug|Any CPU
		{EEBF9C55-11D9-42AE-9F4F-784E31ED37C0}.Release|Any CPU.ActiveCfg = Release|Any CPU
		{EEBF9C55-11D9-42AE-9F4F-784E31ED37C0}.Release|Any CPU.Build.0 = Release|Any CPU
		{587AF05C-890D-4A57-985B-3CD518E2E8AD}.Debug|Any CPU.ActiveCfg = Debug|Any CPU
		{587AF05C-890D-4A57-985B-3CD518E2E8AD}.Debug|Any CPU.Build.0 = Debug|Any CPU
		{587AF05C-890D-4A57-985B-3CD518E2E8AD}.Release|Any CPU.ActiveCfg = Release|Any CPU
		{587AF05C-890D-4A57-985B-3CD518E2E8AD}.Release|Any CPU.Build.0 = Release|Any CPU
	EndGlobalSection
	GlobalSection(SolutionProperties) = preSolution
		HideSolutionNode = FALSE
	EndGlobalSection
	GlobalSection(ExtensibilityGlobals) = postSolution
		SolutionGuid = {AD6D514D-CA2B-4464-B719-AA907FC1D3BE}
	EndGlobalSection
EndGlobal
