<Solution>
    <Folder Name="/items/">
        <File Path=".editorconfig" />
        <File Path=".gitignore" />
        <File Path="LICENSE" />
        <File Path="README.md" />
    </Folder>
    <Folder Name="/src/">
        <Project Path="src/Day-01-Calorie-Counting/Day-01-Calorie-Counting.csproj" />
        <Project Path="src/Day-02-Rock-Paper-Scissors/Day-02-Rock-Paper-Scissors.csproj" />
        <Project Path="src/Day-03-Rucksack-Reorganization/Day-03-Rucksack-Reorganization.csproj" />
        <Project Path="src/Day-04-Camp-Cleanup/Day-04-Camp-Cleanup.csproj" />
        <Project Path="src/Day-05-Supply-Stacks/Day-05-Supply-Stacks.csproj" />
        <Project Path="src/Day-06-Tuning-Trouble/Day-06-Tuning-Trouble.csproj" />
        <Project Path="src/Day-07-No-Space-Left-On-Device/Day-07-No-Space-Left-On-Device.csproj" />
        <Project Path="src/Day-08-Treetop-Tree-House/Day-08-Treetop-Tree-House.csproj" />
        <Project Path="src/Day-09-Rope-Bridge/Day-09-Rope-Bridge.csproj" />
        <Project Path="src/Day-10-Cathode-Ray-Tube/Day-10-Cathode-Ray-Tube.csproj" />
        <Project Path="src/Day-11-Monkey-In-The-Middle/Day-11-Monkey-In-The-Middle.csproj" />
        <Project Path="src/Day-12-Hill-Climbing-Algorithm/Day-12-Hill-Climbing-Algorithm.csproj" />
        <Project Path="src/Day-13-Distress-Signal/Day-13-Distress-Signal.csproj" />
        <Project Path="src/Day-14-Regolith-Reservoir/Day-14-Regolith-Reservoir.csproj" />
        <Project Path="src/Day-15-Beacon-Exclusion-Zone/Day-15-Beacon-Exclusion-Zone.csproj" />
        <Project Path="src/Day-16-Proboscidea-Volcanium/Day-16-Proboscidea-Volcanium.csproj" />
        <Project Path="src/Day-17-Pyroclastic-Flow/Day-17-Pyroclastic-Flow.csproj" />
        <Project Path="src/Day-18-Boiling-Boulders/Day-18-Boiling-Boulders.csproj" />
        <Project Path="src/Day-19-Not-Enough-Minerals/Day-19-Not-Enough-Minerals.csproj" />
        <Project Path="src/Day-20-Grove-Positioning-System/Day-20-Grove-Positioning-System.csproj" />
        <Project Path="src/Day-21-Monkey-Math/Day-21-Monkey-Math.csproj" />
        <Project Path="src/Day-22-Monkey-Map/Day-22-Monkey-Map.csproj" />
        <Project Path="src/Day-23-Unstable-Diffusion/Day-23-Unstable-Diffusion.csproj" />
        <Project Path="src/Day-24-Blizzard-Basin/Day-24-Blizzard-Basin.csproj" />
        <Project Path="src/Day-25-Full-of-Hot-Air/Day-25-Full-of-Hot-Air.csproj" />
    </Folder>
</Solution>