Microsoft Visual Studio Solution File, Format Version 12.00
# Visual Studio Version 17
VisualStudioVersion = 17.11.35312.102
MinimumVisualStudioVersion = 10.0.40219.1
Project("{2150E333-8FDC-42A3-9474-1A3956D46DE8}") = "Solution Items", "Solution Items", "{F8D491CC-9FB4-4FA7-881E-F06429500EB4}"
	ProjectSection(SolutionItems) = preProject
		.gitignore = .gitignore
		LICENSE = LICENSE
		README.md = README.md
	EndProjectSection
EndProject
Project("{9A19103F-16F7-4668-BE54-9A1E7A4F7556}") = "Day 1 - Calorie Counting", "Day 1 - Calorie Counting\Day 1 - Calorie Counting.csproj", "{7F140C60-FE97-42E0-825F-505AD43BB923}"
EndProject
Project("{9A19103F-16F7-4668-BE54-9A1E7A4F7556}") = "Day 2 - Rock Paper Scissors", "Day 2 - Rock Paper Scissors\Day 2 - Rock Paper Scissors.csproj", "{D0BC855E-C79D-4776-918A-3BAD272839AC}"
EndProject
Project("{9A19103F-16F7-4668-BE54-9A1E7A4F7556}") = "Day 3 - Rucksack Reorganization", "Day 3 - Rucksack Reorganization\Day 3 - Rucksack Reorganization.csproj", "{BA69CC64-3382-47FC-B078-8C41B75E3FAF}"
EndProject
Project("{9A19103F-16F7-4668-BE54-9A1E7A4F7556}") = "Day 4 - Camp Cleanup", "Day 4 - Camp Cleanup\Day 4 - Camp Cleanup.csproj", "{79223F04-861E-487E-914E-D68046C3C1D8}"
EndProject
Project("{9A19103F-16F7-4668-BE54-9A1E7A4F7556}") = "Day 5 - Supply Stacks", "Day 5 - Supply Stacks\Day 5 - Supply Stacks.csproj", "{60AF2A08-019A-405A-8F5C-114D951CF35E}"
EndProject
Project("{9A19103F-16F7-4668-BE54-9A1E7A4F7556}") = "Day 6 - Tuning Trouble", "Day 6 - Tuning Trouble\Day 6 - Tuning Trouble.csproj", "{DF7BDFB2-33EA-4CDA-9531-F0679868B4E6}"
EndProject
Project("{9A19103F-16F7-4668-BE54-9A1E7A4F7556}") = "Day 7 - No Space Left On Device", "Day 7 - No Space Left On Device\Day 7 - No Space Left On Device.csproj", "{EEBF9C55-11D9-42AE-9F4F-784E31ED37C0}"
EndProject
Project("{9A19103F-16F7-4668-BE54-9A1E7A4F7556}") = "Day 8 - Treetop Tree House", "Day 8 - Treetop Tree House\Day 8 - Treetop Tree House.csproj", "{587AF05C-890D-4A57-985B-3CD518E2E8AD}"
EndProject
Project("{9A19103F-16F7-4668-BE54-9A1E7A4F7556}") = "Day 9 - Rope Bridge", "Day 9 - Rope Bridge\Day 9 - Rope Bridge.csproj", "{D7BCF0D8-B116-40D1-BBF1-AD16A68D4037}"
EndProject
Project("{9A19103F-16F7-4668-BE54-9A1E7A4F7556}") = "Day 10 - Cathode-Ray Tube", "Day 10 - Cathode-Ray Tube\Day 10 - Cathode-Ray Tube.csproj", "{F61794A0-18F1-41DF-8CDE-1EBF90470C86}"
EndProject
Project("{9A19103F-16F7-4668-BE54-9A1E7A4F7556}") = "Day 11 - Monkey In The Middle", "Day 11 - Monkey In The Middle\Day 11 - Monkey In The Middle.csproj", "{9EF313F0-6C44-4E41-B813-EC7B37532055}"
EndProject
Project("{9A19103F-16F7-4668-BE54-9A1E7A4F7556}") = "Day 12 - Hill Climbing Algorithm", "Day 12 - Hill Climbing Algorithm\Day 12 - Hill Climbing Algorithm.csproj", "{9AFF7F5E-782B-4E98-9745-4A6BF5066496}"
EndProject
Project("{9A19103F-16F7-4668-BE54-9A1E7A4F7556}") = "Day 13 - Distress Signal", "Day 13 - Distress Signal\Day 13 - Distress Signal.csproj", "{94DA41CC-07E4-4FE1-8B1C-2DBD1923F909}"
EndProject
Project("{9A19103F-16F7-4668-BE54-9A1E7A4F7556}") = "Day 14 - Regolith Reservoir", "Day 14 - Regolith Reservoir\Day 14 - Regolith Reservoir.csproj", "{41819F60-FB8B-42C3-BE77-973E9CB31A76}"
EndProject
Project("{9A19103F-16F7-4668-BE54-9A1E7A4F7556}") = "Day 15 - Beacon Exclusion Zone", "Day 15 - Beacon Exclusion Zone\Day 15 - Beacon Exclusion Zone.csproj", "{9F199646-90C3-44B5-BF3D-2B31FEBBAC63}"
EndProject
Project("{9A19103F-16F7-4668-BE54-9A1E7A4F7556}") = "Day 16 - Proboscidea Volcanium", "Day 16 - Proboscidea Volcanium\Day 16 - Proboscidea Volcanium.csproj", "{0AFBEBC2-1EA6-4D7F-BBEE-A1193FB8B004}"
EndProject
Project("{9A19103F-16F7-4668-BE54-9A1E7A4F7556}") = "Day 17 - Pyroclastic Flow", "Day 17 - Pyroclastic Flow\Day 17 - Pyroclastic Flow.csproj", "{CBEF0495-2443-498B-AC87-52030FE8F934}"
EndProject
Project("{9A19103F-16F7-4668-BE54-9A1E7A4F7556}") = "Day 18 - Boiling Boulders", "Day 18 - Boiling Boulders\Day 18 - Boiling Boulders.csproj", "{FEAD8FC3-F930-4EBD-B49D-6052A918ADD2}"
EndProject
Project("{9A19103F-16F7-4668-BE54-9A1E7A4F7556}") = "Day 19 - Not Enough Minerals", "Day 19 - Not Enough Minerals\Day 19 - Not Enough Minerals.csproj", "{A7B594AD-D540-4B3D-B842-F2238B653708}"
EndProject
Project("{FAE04EC0-301F-11D3-BF4B-00C04F79EFBC}") = "Day 20 - Grove Positioning System", "Day 20 - Grove Positioning System\Day 20 - Grove Positioning System.csproj", "{4D1839C7-2060-45AC-B189-7165EBC8A120}"
EndProject
Project("{FAE04EC0-301F-11D3-BF4B-00C04F79EFBC}") = "Day 21 - Monkey Math", "Day 21 - Monkey Math\Day 21 - Monkey Math.csproj", "{52FEF2CF-9BDF-4486-AE57-1A998B465DD8}"
EndProject
Project("{FAE04EC0-301F-11D3-BF4B-00C04F79EFBC}") = "Day 22 - Monkey Map", "Day 22 - Monkey Map\Day 22 - Monkey Map.csproj", "{BA8A0982-4370-4277-820C-364A616FA472}"
EndProject
Project("{FAE04EC0-301F-11D3-BF4B-00C04F79EFBC}") = "Day 23 - Unstable Diffusion", "Day 23 - Unstable Diffusion\Day 23 - Unstable Diffusion.csproj", "{B7ACCA7A-CC82-4BE8-83EE-BDCB50BA06A9}"
EndProject
Project("{FAE04EC0-301F-11D3-BF4B-00C04F79EFBC}") = "Day 24 - Blizzard Basin", "Day 24 - Blizzard Basin\Day 24 - Blizzard Basin.csproj", "{40CEA922-35E9-4B6A-9F4F-480B547D9D1D}"
EndProject
Global
	GlobalSection(SolutionConfigurationPlatforms) = preSolution
		Debug|Any CPU = Debug|Any CPU
		Release|Any CPU = Release|Any CPU
	EndGlobalSection
	GlobalSection(ProjectConfigurationPlatforms) = postSolution
		{7F140C60-FE97-42E0-825F-505AD43BB923}.Debug|Any CPU.ActiveCfg = Debug|Any CPU
		{7F140C60-FE97-42E0-825F-505AD43BB923}.Debug|Any CPU.Build.0 = Debug|Any CPU
		{7F140C60-FE97-42E0-825F-505AD43BB923}.Release|Any CPU.ActiveCfg = Release|Any CPU
		{7F140C60-FE97-42E0-825F-505AD43BB923}.Release|Any CPU.Build.0 = Release|Any CPU
		{D0BC855E-C79D-4776-918A-3BAD272839AC}.Debug|Any CPU.ActiveCfg = Debug|Any CPU
		{D0BC855E-C79D-4776-918A-3BAD272839AC}.Debug|Any CPU.Build.0 = Debug|Any CPU
		{D0BC855E-C79D-4776-918A-3BAD272839AC}.Release|Any CPU.ActiveCfg = Release|Any CPU
		{D0BC855E-C79D-4776-918A-3BAD272839AC}.Release|Any CPU.Build.0 = Release|Any CPU
		{BA69CC64-3382-47FC-B078-8C41B75E3FAF}.Debug|Any CPU.ActiveCfg = Debug|Any CPU
		{BA69CC64-3382-47FC-B078-8C41B75E3FAF}.Debug|Any CPU.Build.0 = Debug|Any CPU
		{BA69CC64-3382-47FC-B078-8C41B75E3FAF}.Release|Any CPU.ActiveCfg = Release|Any CPU
		{BA69CC64-3382-47FC-B078-8C41B75E3FAF}.Release|Any CPU.Build.0 = Release|Any CPU
		{79223F04-861E-487E-914E-D68046C3C1D8}.Debug|Any CPU.ActiveCfg = Debug|Any CPU
		{79223F04-861E-487E-914E-D68046C3C1D8}.Debug|Any CPU.Build.0 = Debug|Any CPU
		{79223F04-861E-487E-914E-D68046C3C1D8}.Release|Any CPU.ActiveCfg = Release|Any CPU
		{79223F04-861E-487E-914E-D68046C3C1D8}.Release|Any CPU.Build.0 = Release|Any CPU
		{60AF2A08-019A-405A-8F5C-114D951CF35E}.Debug|Any CPU.ActiveCfg = Debug|Any CPU
		{60AF2A08-019A-405A-8F5C-114D951CF35E}.Debug|Any CPU.Build.0 = Debug|Any CPU
		{60AF2A08-019A-405A-8F5C-114D951CF35E}.Release|Any CPU.ActiveCfg = Release|Any CPU
		{60AF2A08-019A-405A-8F5C-114D951CF35E}.Release|Any CPU.Build.0 = Release|Any CPU
		{DF7BDFB2-33EA-4CDA-9531-F0679868B4E6}.Debug|Any CPU.ActiveCfg = Debug|Any CPU
		{DF7BDFB2-33EA-4CDA-9531-F0679868B4E6}.Debug|Any CPU.Build.0 = Debug|Any CPU
		{DF7BDFB2-33EA-4CDA-9531-F0679868B4E6}.Release|Any CPU.ActiveCfg = Release|Any CPU
		{DF7BDFB2-33EA-4CDA-9531-F0679868B4E6}.Release|Any CPU.Build.0 = Release|Any CPU
		{EEBF9C55-11D9-42AE-9F4F-784E31ED37C0}.Debug|Any CPU.ActiveCfg = Debug|Any CPU
		{EEBF9C55-11D9-42AE-9F4F-784E31ED37C0}.Debug|Any CPU.Build.0 = Debug|Any CPU
		{EEBF9C55-11D9-42AE-9F4F-784E31ED37C0}.Release|Any CPU.ActiveCfg = Release|Any CPU
		{EEBF9C55-11D9-42AE-9F4F-784E31ED37C0}.Release|Any CPU.Build.0 = Release|Any CPU
		{587AF05C-890D-4A57-985B-3CD518E2E8AD}.Debug|Any CPU.ActiveCfg = Debug|Any CPU
		{587AF05C-890D-4A57-985B-3CD518E2E8AD}.Debug|Any CPU.Build.0 = Debug|Any CPU
		{587AF05C-890D-4A57-985B-3CD518E2E8AD}.Release|Any CPU.ActiveCfg = Release|Any CPU
		{587AF05C-890D-4A57-985B-3CD518E2E8AD}.Release|Any CPU.Build.0 = Release|Any CPU
		{D7BCF0D8-B116-40D1-BBF1-AD16A68D4037}.Debug|Any CPU.ActiveCfg = Debug|Any CPU
		{D7BCF0D8-B116-40D1-BBF1-AD16A68D4037}.Debug|Any CPU.Build.0 = Debug|Any CPU
		{D7BCF0D8-B116-40D1-BBF1-AD16A68D4037}.Release|Any CPU.ActiveCfg = Release|Any CPU
		{D7BCF0D8-B116-40D1-BBF1-AD16A68D4037}.Release|Any CPU.Build.0 = Release|Any CPU
		{F61794A0-18F1-41DF-8CDE-1EBF90470C86}.Debug|Any CPU.ActiveCfg = Debug|Any CPU
		{F61794A0-18F1-41DF-8CDE-1EBF90470C86}.Debug|Any CPU.Build.0 = Debug|Any CPU
		{F61794A0-18F1-41DF-8CDE-1EBF90470C86}.Release|Any CPU.ActiveCfg = Release|Any CPU
		{F61794A0-18F1-41DF-8CDE-1EBF90470C86}.Release|Any CPU.Build.0 = Release|Any CPU
		{9EF313F0-6C44-4E41-B813-EC7B37532055}.Debug|Any CPU.ActiveCfg = Debug|Any CPU
		{9EF313F0-6C44-4E41-B813-EC7B37532055}.Debug|Any CPU.Build.0 = Debug|Any CPU
		{9EF313F0-6C44-4E41-B813-EC7B37532055}.Release|Any CPU.ActiveCfg = Release|Any CPU
		{9EF313F0-6C44-4E41-B813-EC7B37532055}.Release|Any CPU.Build.0 = Release|Any CPU
		{9AFF7F5E-782B-4E98-9745-4A6BF5066496}.Debug|Any CPU.ActiveCfg = Debug|Any CPU
		{9AFF7F5E-782B-4E98-9745-4A6BF5066496}.Debug|Any CPU.Build.0 = Debug|Any CPU
		{9AFF7F5E-782B-4E98-9745-4A6BF5066496}.Release|Any CPU.ActiveCfg = Release|Any CPU
		{9AFF7F5E-782B-4E98-9745-4A6BF5066496}.Release|Any CPU.Build.0 = Release|Any CPU
		{94DA41CC-07E4-4FE1-8B1C-2DBD1923F909}.Debug|Any CPU.ActiveCfg = Debug|Any CPU
		{94DA41CC-07E4-4FE1-8B1C-2DBD1923F909}.Debug|Any CPU.Build.0 = Debug|Any CPU
		{94DA41CC-07E4-4FE1-8B1C-2DBD1923F909}.Release|Any CPU.ActiveCfg = Release|Any CPU
		{94DA41CC-07E4-4FE1-8B1C-2DBD1923F909}.Release|Any CPU.Build.0 = Release|Any CPU
		{41819F60-FB8B-42C3-BE77-973E9CB31A76}.Debug|Any CPU.ActiveCfg = Debug|Any CPU
		{41819F60-FB8B-42C3-BE77-973E9CB31A76}.Debug|Any CPU.Build.0 = Debug|Any CPU
		{41819F60-FB8B-42C3-BE77-973E9CB31A76}.Release|Any CPU.ActiveCfg = Release|Any CPU
		{41819F60-FB8B-42C3-BE77-973E9CB31A76}.Release|Any CPU.Build.0 = Release|Any CPU
		{9F199646-90C3-44B5-BF3D-2B31FEBBAC63}.Debug|Any CPU.ActiveCfg = Debug|Any CPU
		{9F199646-90C3-44B5-BF3D-2B31FEBBAC63}.Debug|Any CPU.Build.0 = Debug|Any CPU
		{9F199646-90C3-44B5-BF3D-2B31FEBBAC63}.Release|Any CPU.ActiveCfg = Release|Any CPU
		{9F199646-90C3-44B5-BF3D-2B31FEBBAC63}.Release|Any CPU.Build.0 = Release|Any CPU
		{0AFBEBC2-1EA6-4D7F-BBEE-A1193FB8B004}.Debug|Any CPU.ActiveCfg = Debug|Any CPU
		{0AFBEBC2-1EA6-4D7F-BBEE-A1193FB8B004}.Debug|Any CPU.Build.0 = Debug|Any CPU
		{0AFBEBC2-1EA6-4D7F-BBEE-A1193FB8B004}.Release|Any CPU.ActiveCfg = Release|Any CPU
		{0AFBEBC2-1EA6-4D7F-BBEE-A1193FB8B004}.Release|Any CPU.Build.0 = Release|Any CPU
		{CBEF0495-2443-498B-AC87-52030FE8F934}.Debug|Any CPU.ActiveCfg = Debug|Any CPU
		{CBEF0495-2443-498B-AC87-52030FE8F934}.Debug|Any CPU.Build.0 = Debug|Any CPU
		{CBEF0495-2443-498B-AC87-52030FE8F934}.Release|Any CPU.ActiveCfg = Release|Any CPU
		{CBEF0495-2443-498B-AC87-52030FE8F934}.Release|Any CPU.Build.0 = Release|Any CPU
		{FEAD8FC3-F930-4EBD-B49D-6052A918ADD2}.Debug|Any CPU.ActiveCfg = Debug|Any CPU
		{FEAD8FC3-F930-4EBD-B49D-6052A918ADD2}.Debug|Any CPU.Build.0 = Debug|Any CPU
		{FEAD8FC3-F930-4EBD-B49D-6052A918ADD2}.Release|Any CPU.ActiveCfg = Release|Any CPU
		{FEAD8FC3-F930-4EBD-B49D-6052A918ADD2}.Release|Any CPU.Build.0 = Release|Any CPU
		{A7B594AD-D540-4B3D-B842-F2238B653708}.Debug|Any CPU.ActiveCfg = Debug|Any CPU
		{A7B594AD-D540-4B3D-B842-F2238B653708}.Debug|Any CPU.Build.0 = Debug|Any CPU
		{A7B594AD-D540-4B3D-B842-F2238B653708}.Release|Any CPU.ActiveCfg = Release|Any CPU
		{A7B594AD-D540-4B3D-B842-F2238B653708}.Release|Any CPU.Build.0 = Release|Any CPU
		{4D1839C7-2060-45AC-B189-7165EBC8A120}.Debug|Any CPU.ActiveCfg = Debug|Any CPU
		{4D1839C7-2060-45AC-B189-7165EBC8A120}.Debug|Any CPU.Build.0 = Debug|Any CPU
		{4D1839C7-2060-45AC-B189-7165EBC8A120}.Release|Any CPU.ActiveCfg = Release|Any CPU
		{4D1839C7-2060-45AC-B189-7165EBC8A120}.Release|Any CPU.Build.0 = Release|Any CPU
		{52FEF2CF-9BDF-4486-AE57-1A998B465DD8}.Debug|Any CPU.ActiveCfg = Debug|Any CPU
		{52FEF2CF-9BDF-4486-AE57-1A998B465DD8}.Debug|Any CPU.Build.0 = Debug|Any CPU
		{52FEF2CF-9BDF-4486-AE57-1A998B465DD8}.Release|Any CPU.ActiveCfg = Release|Any CPU
		{52FEF2CF-9BDF-4486-AE57-1A998B465DD8}.Release|Any CPU.Build.0 = Release|Any CPU
		{BA8A0982-4370-4277-820C-364A616FA472}.Debug|Any CPU.ActiveCfg = Debug|Any CPU
		{BA8A0982-4370-4277-820C-364A616FA472}.Debug|Any CPU.Build.0 = Debug|Any CPU
		{BA8A0982-4370-4277-820C-364A616FA472}.Release|Any CPU.ActiveCfg = Release|Any CPU
		{BA8A0982-4370-4277-820C-364A616FA472}.Release|Any CPU.Build.0 = Release|Any CPU
		{B7ACCA7A-CC82-4BE8-83EE-BDCB50BA06A9}.Debug|Any CPU.ActiveCfg = Debug|Any CPU
		{B7ACCA7A-CC82-4BE8-83EE-BDCB50BA06A9}.Debug|Any CPU.Build.0 = Debug|Any CPU
		{B7ACCA7A-CC82-4BE8-83EE-BDCB50BA06A9}.Release|Any CPU.ActiveCfg = Release|Any CPU
		{B7ACCA7A-CC82-4BE8-83EE-BDCB50BA06A9}.Release|Any CPU.Build.0 = Release|Any CPU
		{40CEA922-35E9-4B6A-9F4F-480B547D9D1D}.Debug|Any CPU.ActiveCfg = Debug|Any CPU
		{40CEA922-35E9-4B6A-9F4F-480B547D9D1D}.Debug|Any CPU.Build.0 = Debug|Any CPU
		{40CEA922-35E9-4B6A-9F4F-480B547D9D1D}.Release|Any CPU.ActiveCfg = Release|Any CPU
		{40CEA922-35E9-4B6A-9F4F-480B547D9D1D}.Release|Any CPU.Build.0 = Release|Any CPU
	EndGlobalSection
	GlobalSection(SolutionProperties) = preSolution
		HideSolutionNode = FALSE
	EndGlobalSection
	GlobalSection(ExtensibilityGlobals) = postSolution
		SolutionGuid = {AD6D514D-CA2B-4464-B719-AA907FC1D3BE}
	EndGlobalSection
EndGlobal
